
Microsoft Visual Studio Solution File, Format Version 12.00
# Visual Studio Version 16
VisualStudioVersion = 16.0.31229.75
MinimumVisualStudioVersion = 10.0.40219.1
Project("{9A19103F-16F7-4668-BE54-9A1E7A4F7556}") = "DoAnCoSo02.Web", "DoAnCoSo02.Web\DoAnCoSo02.Web.csproj", "{160A2C5A-26A2-467E-9E85-E155F6680DAD}"
EndProject
Project("{FAE04EC0-301F-11D3-BF4B-00C04F79EFBC}") = "DoAnCoSo02.Data", "DoAnCoSo02.Data\DoAnCoSo02.Data.csproj", "{DFFAAD22-7D79-4441-ABC5-D011B9AF243B}"
EndProject
Project("{FAE04EC0-301F-11D3-BF4B-00C04F79EFBC}") = "DoAnCoSo02.DTOs", "DoAnCoSo02.DTOs\DoAnCoSo02.DTOs.csproj", "{84380368-E1F1-476B-8795-DC3863B01C3F}"
EndProject
Global
	GlobalSection(SolutionConfigurationPlatforms) = preSolution
		Debug|Any CPU = Debug|Any CPU
		Release|Any CPU = Release|Any CPU
	EndGlobalSection
	GlobalSection(ProjectConfigurationPlatforms) = postSolution
		{160A2C5A-26A2-467E-9E85-E155F6680DAD}.Debug|Any CPU.ActiveCfg = Debug|Any CPU
		{160A2C5A-26A2-467E-9E85-E155F6680DAD}.Debug|Any CPU.Build.0 = Debug|Any CPU
		{160A2C5A-26A2-467E-9E85-E155F6680DAD}.Release|Any CPU.ActiveCfg = Release|Any CPU
		{160A2C5A-26A2-467E-9E85-E155F6680DAD}.Release|Any CPU.Build.0 = Release|Any CPU
		{DFFAAD22-7D79-4441-ABC5-D011B9AF243B}.Debug|Any CPU.ActiveCfg = Debug|Any CPU
		{DFFAAD22-7D79-4441-ABC5-D011B9AF243B}.Debug|Any CPU.Build.0 = Debug|Any CPU
		{DFFAAD22-7D79-4441-ABC5-D011B9AF243B}.Release|Any CPU.ActiveCfg = Release|Any CPU
		{DFFAAD22-7D79-4441-ABC5-D011B9AF243B}.Release|Any CPU.Build.0 = Release|Any CPU
		{84380368-E1F1-476B-8795-DC3863B01C3F}.Debug|Any CPU.ActiveCfg = Debug|Any CPU
		{84380368-E1F1-476B-8795-DC3863B01C3F}.Debug|Any CPU.Build.0 = Debug|Any CPU
		{84380368-E1F1-476B-8795-DC3863B01C3F}.Release|Any CPU.ActiveCfg = Release|Any CPU
		{84380368-E1F1-476B-8795-DC3863B01C3F}.Release|Any CPU.Build.0 = Release|Any CPU
	EndGlobalSection
	GlobalSection(SolutionProperties) = preSolution
		HideSolutionNode = FALSE
	EndGlobalSection
	GlobalSection(ExtensibilityGlobals) = postSolution
		SolutionGuid = {6D022C9D-7FA3-48F5-8230-57488EEEAAE1}
	EndGlobalSection
EndGlobal
